<?xml version="1.0" encoding="utf-8"?>
<Project ToolsVersion="4.0" xmlns="http://schemas.microsoft.com/developer/msbuild/2003">
  <ItemGroup>
    <Filter Include="01Engine">
      <UniqueIdentifier>{e5fccdcb-f299-4448-bdb6-01fa28039576}</UniqueIdentifier>
    </Filter>
    <Filter Include="01Engine\Collider">
      <UniqueIdentifier>{7f19ecfb-5d70-4d31-a1f7-c9dd14bad324}</UniqueIdentifier>
    </Filter>
    <Filter Include="01Engine\DirectX">
      <UniqueIdentifier>{e56f8c9a-95a5-4ceb-b65f-5b8e572d087b}</UniqueIdentifier>
    </Filter>
    <Filter Include="01Engine\GameObject">
      <UniqueIdentifier>{b450e438-c939-4b05-b319-0e3c0b4a335c}</UniqueIdentifier>
    </Filter>
    <Filter Include="01Engine\ResourceManager">
      <UniqueIdentifier>{bedee914-5063-4c08-95bb-79c861b4969c}</UniqueIdentifier>
    </Filter>
    <Filter Include="02Shader">
      <UniqueIdentifier>{47a6a3f5-8cfd-436b-8d58-beccd108f3f3}</UniqueIdentifier>
      <Extensions>hlsl</Extensions>
    </Filter>
    <Filter Include="01Engine\Json">
      <UniqueIdentifier>{ad87eb5b-fdfe-40b6-a46a-6ea8ccabc74c}</UniqueIdentifier>
    </Filter>
    <Filter Include="01Engine\ImGui">
      <UniqueIdentifier>{18d8c8ed-9f3f-4b9d-8ed3-80d9cdf0cbae}</UniqueIdentifier>
    </Filter>
    <Filter Include="03Game">
      <UniqueIdentifier>{d2cc464f-8c2b-4ce9-b6d7-4c8115c33a4b}</UniqueIdentifier>
    </Filter>
    <Filter Include="03Game\Objects">
      <UniqueIdentifier>{f988fa13-57fc-43ef-8b7d-ccdcb934cba7}</UniqueIdentifier>
    </Filter>
    <Filter Include="03Game\Scenes">
      <UniqueIdentifier>{0cd1f8c9-f6bb-460e-be8c-4c190dbe92c9}</UniqueIdentifier>
    </Filter>
    <Filter Include="03Game\Objects\Stage">
      <UniqueIdentifier>{6b38a87a-4678-47ba-97b4-3e72a77f831b}</UniqueIdentifier>
    </Filter>
    <Filter Include="03Game\Objects\Stage\Components">
      <UniqueIdentifier>{635e6c4e-3dfb-47a0-9f51-96fceb97f32c}</UniqueIdentifier>
    </Filter>
    <Filter Include="03Game\Objects\Stage\StageObjects">
      <UniqueIdentifier>{acd2e8da-cefc-4962-a08d-21834c85660b}</UniqueIdentifier>
    </Filter>
    <Filter Include="03Game\Objects\Stage\Components\MoveComponents">
      <UniqueIdentifier>{75ad066e-987b-46d3-a42a-b30e23af65c2}</UniqueIdentifier>
    </Filter>
    <Filter Include="03Game\Objects\Stage\Components\RotationComponents">
      <UniqueIdentifier>{19ec8ed2-0f53-4dbc-8bd5-2d4a58e4275b}</UniqueIdentifier>
    </Filter>
    <Filter Include="03Game\Otheres">
      <UniqueIdentifier>{c2efa7cb-5f10-4c3c-b6f4-cff055139e25}</UniqueIdentifier>
    </Filter>
    <Filter Include="03Game\Objects\Stage\Components\DetectorComponents">
      <UniqueIdentifier>{1dfc5a77-2666-438e-b4a0-ccdf1e982c3a}</UniqueIdentifier>
    </Filter>
    <Filter Include="03Game\Objects\Stage\Components\EnemyComponents">
      <UniqueIdentifier>{b2d24188-4d4a-4098-a2d5-87aeda1fadfa}</UniqueIdentifier>
    </Filter>
    <Filter Include="03Game\Objects\Stage\Components\TimerComponent">
      <UniqueIdentifier>{e193f086-ad1a-497c-8887-062579a167cb}</UniqueIdentifier>
    </Filter>
    <Filter Include="03Game\Objects\Stage\Components\HealthManagerComponents">
      <UniqueIdentifier>{253bc07e-fe5e-486e-93dd-e51a1f20aea0}</UniqueIdentifier>
    </Filter>
  </ItemGroup>
  <ItemGroup>
    <ClCompile Include="Engine\Collider\BoxCollider.cpp">
      <Filter>01Engine\Collider</Filter>
    </ClCompile>
    <ClCompile Include="Engine\Collider\Collider.cpp">
      <Filter>01Engine\Collider</Filter>
    </ClCompile>
    <ClCompile Include="Engine\Collider\SphereCollider.cpp">
      <Filter>01Engine\Collider</Filter>
    </ClCompile>
    <ClCompile Include="Engine\DirectX\Direct3D.cpp">
      <Filter>01Engine\DirectX</Filter>
    </ClCompile>
    <ClCompile Include="Engine\DirectX\Fbx.cpp">
      <Filter>01Engine\DirectX</Filter>
    </ClCompile>
    <ClCompile Include="Engine\DirectX\FbxParts.cpp">
      <Filter>01Engine\DirectX</Filter>
    </ClCompile>
    <ClCompile Include="Engine\DirectX\Input.cpp">
      <Filter>01Engine\DirectX</Filter>
    </ClCompile>
    <ClCompile Include="Engine\DirectX\Sprite.cpp">
      <Filter>01Engine\DirectX</Filter>
    </ClCompile>
    <ClCompile Include="Engine\GameObject\Camera.cpp">
      <Filter>01Engine\GameObject</Filter>
    </ClCompile>
    <ClCompile Include="Engine\GameObject\GameObject.cpp">
      <Filter>01Engine\GameObject</Filter>
    </ClCompile>
    <ClCompile Include="Engine\GameObject\RootObject.cpp">
      <Filter>01Engine\GameObject</Filter>
    </ClCompile>
    <ClCompile Include="Engine\ResourceManager\CsvReader.cpp">
      <Filter>01Engine\ResourceManager</Filter>
    </ClCompile>
    <ClCompile Include="Engine\ResourceManager\Image.cpp">
      <Filter>01Engine\ResourceManager</Filter>
    </ClCompile>
    <ClCompile Include="Engine\ResourceManager\Model.cpp">
      <Filter>01Engine\ResourceManager</Filter>
    </ClCompile>
    <ClCompile Include="Engine\Main.cpp">
      <Filter>01Engine</Filter>
    </ClCompile>
    <ClCompile Include="Engine\SceneManager.cpp">
      <Filter>01Engine</Filter>
    </ClCompile>
    <ClCompile Include="Engine\DirectX\Texture.cpp">
      <Filter>01Engine\DirectX</Filter>
    </ClCompile>
    <ClCompile Include="Engine\GameObject\Transform.cpp">
      <Filter>01Engine\GameObject</Filter>
    </ClCompile>
    <ClCompile Include="Engine\ResourceManager\Audio.cpp">
      <Filter>01Engine\ResourceManager</Filter>
    </ClCompile>
    <ClCompile Include="Engine\ResourceManager\Text.cpp">
      <Filter>01Engine\ResourceManager</Filter>
    </ClCompile>
    <ClCompile Include="Engine\ResourceManager\Debug.cpp">
      <Filter>01Engine\ResourceManager</Filter>
    </ClCompile>
    <ClCompile Include="Engine\DirectX\BillBoard.cpp">
      <Filter>01Engine\DirectX</Filter>
    </ClCompile>
    <ClCompile Include="Engine\ResourceManager\VFX.cpp">
      <Filter>01Engine\ResourceManager</Filter>
    </ClCompile>
    <ClCompile Include="Engine\Json\JsonReader.cpp">
      <Filter>01Engine\Json</Filter>
    </ClCompile>
    <ClCompile Include="Engine\ImGui\imgui.cpp">
      <Filter>01Engine\ImGui</Filter>
    </ClCompile>
    <ClCompile Include="Engine\ImGui\imgui_draw.cpp">
      <Filter>01Engine\ImGui</Filter>
    </ClCompile>
    <ClCompile Include="Engine\ImGui\imgui_impl_dx11.cpp">
      <Filter>01Engine\ImGui</Filter>
    </ClCompile>
    <ClCompile Include="Engine\ImGui\imgui_impl_win32.cpp">
      <Filter>01Engine\ImGui</Filter>
    </ClCompile>
    <ClCompile Include="Engine\ImGui\imgui_tables.cpp">
      <Filter>01Engine\ImGui</Filter>
    </ClCompile>
    <ClCompile Include="Engine\ImGui\imgui_widgets.cpp">
      <Filter>01Engine\ImGui</Filter>
    </ClCompile>
    <ClCompile Include="Game\Objects\Stage\SkySphere.cpp">
      <Filter>03Game\Objects\Stage\StageObjects</Filter>
    </ClCompile>
    <ClCompile Include="Game\Objects\Stage\StageObject.cpp">
      <Filter>03Game\Objects\Stage\StageObjects</Filter>
    </ClCompile>
    <ClCompile Include="Game\Objects\Stage\Components\MoveComponents\Component_MoveX.cpp">
      <Filter>03Game\Objects\Stage\Components\MoveComponents</Filter>
    </ClCompile>
    <ClCompile Include="Game\Objects\Stage\Components\RotationComponents\Component_Rotation.cpp">
      <Filter>03Game\Objects\Stage\Components\RotationComponents</Filter>
    </ClCompile>
    <ClCompile Include="Game\Objects\Stage\Components\RotationComponents\Component_RotationX.cpp">
      <Filter>03Game\Objects\Stage\Components\RotationComponents</Filter>
    </ClCompile>
    <ClCompile Include="Game\Objects\Stage\Components\RotationComponents\Component_RotationY.cpp">
      <Filter>03Game\Objects\Stage\Components\RotationComponents</Filter>
    </ClCompile>
    <ClCompile Include="Game\Objects\Stage\Components\RotationComponents\Component_RotationZ.cpp">
      <Filter>03Game\Objects\Stage\Components\RotationComponents</Filter>
    </ClCompile>
    <ClCompile Include="Game\Objects\Stage\Components\Component.cpp">
      <Filter>03Game\Objects\Stage\Components</Filter>
    </ClCompile>
    <ClCompile Include="Engine\ResourceManager\Transition.cpp">
      <Filter>01Engine\ResourceManager</Filter>
    </ClCompile>
    <ClCompile Include="Game\Otheres\StageEditor.cpp">
      <Filter>03Game\Otheres</Filter>
    </ClCompile>
    <ClCompile Include="Game\Scenes\Scene_Splash.cpp">
      <Filter>03Game\Scenes</Filter>
    </ClCompile>
    <ClCompile Include="Game\Scenes\Scene_Test.cpp">
      <Filter>03Game\Scenes</Filter>
    </ClCompile>
    <ClCompile Include="Game\Objects\Stage\Bullet.cpp" />
    <ClCompile Include="Game\Objects\Stage\Components\AttackComponents\Component_CactanAttack\Component_CactanAttack.cpp" />
    <ClCompile Include="Game\Objects\Stage\Components\AttackComponents\Component_Attack.cpp" />
    <ClCompile Include="Game\Objects\Stage\Components\DetectorComponents\Component_FanRangeDetector.cpp" />
    <ClCompile Include="Game\Objects\Stage\Components\EnemyComponents\Component_OtiBehavior.cpp" />
    <ClCompile Include="Game\Objects\Stage\Components\DetectorComponents\Component_CircleRangeDetector.cpp" />
    <ClCompile Include="Game\Objects\Stage\Components\TimerComponent\Component_Timer.cpp" />
    <ClCompile Include="Game\Objects\Stage\Components\ChaseComponents\Component_Chase.cpp" />
    <ClCompile Include="Game\Objects\Stage\Components\FallComponents\Component_Fall.cpp" />
    <ClCompile Include="Game\Objects\Stage\Components\HealthManagerComponents\Component_HealthManager.cpp">
      <Filter>03Game\Objects\Stage\Components\HealthManagerComponents</Filter>
    </ClCompile>
  </ItemGroup>
  <ItemGroup>
    <ClInclude Include="Engine\Collider\BoxCollider.h">
      <Filter>01Engine\Collider</Filter>
    </ClInclude>
    <ClInclude Include="Engine\Collider\Collider.h">
      <Filter>01Engine\Collider</Filter>
    </ClInclude>
    <ClInclude Include="Engine\Collider\SphereCollider.h">
      <Filter>01Engine\Collider</Filter>
    </ClInclude>
    <ClInclude Include="Engine\DirectX\Direct3D.h">
      <Filter>01Engine\DirectX</Filter>
    </ClInclude>
    <ClInclude Include="Engine\DirectX\Fbx.h">
      <Filter>01Engine\DirectX</Filter>
    </ClInclude>
    <ClInclude Include="Engine\DirectX\FbxParts.h">
      <Filter>01Engine\DirectX</Filter>
    </ClInclude>
    <ClInclude Include="Engine\DirectX\Input.h">
      <Filter>01Engine\DirectX</Filter>
    </ClInclude>
    <ClInclude Include="Engine\DirectX\Sprite.h">
      <Filter>01Engine\DirectX</Filter>
    </ClInclude>
    <ClInclude Include="Engine\GameObject\Camera.h">
      <Filter>01Engine\GameObject</Filter>
    </ClInclude>
    <ClInclude Include="Engine\GameObject\GameObject.h">
      <Filter>01Engine\GameObject</Filter>
    </ClInclude>
    <ClInclude Include="Engine\GameObject\RootObject.h">
      <Filter>01Engine\GameObject</Filter>
    </ClInclude>
    <ClInclude Include="Engine\ResourceManager\CsvReader.h">
      <Filter>01Engine\ResourceManager</Filter>
    </ClInclude>
    <ClInclude Include="Engine\ResourceManager\Image.h">
      <Filter>01Engine\ResourceManager</Filter>
    </ClInclude>
    <ClInclude Include="Engine\ResourceManager\Model.h">
      <Filter>01Engine\ResourceManager</Filter>
    </ClInclude>
    <ClInclude Include="Engine\Global.h">
      <Filter>01Engine</Filter>
    </ClInclude>
    <ClInclude Include="Engine\SceneManager.h">
      <Filter>01Engine</Filter>
    </ClInclude>
    <ClInclude Include="Engine\DirectX\Texture.h">
      <Filter>01Engine\DirectX</Filter>
    </ClInclude>
    <ClInclude Include="Engine\GameObject\Transform.h">
      <Filter>01Engine\GameObject</Filter>
    </ClInclude>
    <ClInclude Include="Engine\ResourceManager\Audio.h">
      <Filter>01Engine\ResourceManager</Filter>
    </ClInclude>
    <ClInclude Include="Engine\ResourceManager\Text.h">
      <Filter>01Engine\ResourceManager</Filter>
    </ClInclude>
    <ClInclude Include="Engine\ResourceManager\Debug.h">
      <Filter>01Engine\ResourceManager</Filter>
    </ClInclude>
    <ClInclude Include="Engine\DirectX\BillBoard.h">
      <Filter>01Engine\DirectX</Filter>
    </ClInclude>
    <ClInclude Include="Engine\ResourceManager\VFX.h">
      <Filter>01Engine\ResourceManager</Filter>
    </ClInclude>
    <ClInclude Include="Engine\Json\JsonReader.h">
      <Filter>01Engine\Json</Filter>
    </ClInclude>
    <ClInclude Include="Engine\Json\json.hpp">
      <Filter>01Engine\Json</Filter>
    </ClInclude>
    <ClInclude Include="Engine\ImGui\imconfig.h">
      <Filter>01Engine\ImGui</Filter>
    </ClInclude>
    <ClInclude Include="Engine\ImGui\imgui.h">
      <Filter>01Engine\ImGui</Filter>
    </ClInclude>
    <ClInclude Include="Engine\ImGui\imgui_impl_dx11.h">
      <Filter>01Engine\ImGui</Filter>
    </ClInclude>
    <ClInclude Include="Engine\ImGui\imgui_impl_win32.h">
      <Filter>01Engine\ImGui</Filter>
    </ClInclude>
    <ClInclude Include="Engine\ImGui\imgui_internal.h">
      <Filter>01Engine\ImGui</Filter>
    </ClInclude>
    <ClInclude Include="Engine\ImGui\imstb_rectpack.h">
      <Filter>01Engine\ImGui</Filter>
    </ClInclude>
    <ClInclude Include="Engine\ImGui\imstb_textedit.h">
      <Filter>01Engine\ImGui</Filter>
    </ClInclude>
    <ClInclude Include="Engine\ImGui\imstb_truetype.h">
      <Filter>01Engine\ImGui</Filter>
    </ClInclude>
    <ClInclude Include="Game\Objects\Stage\Stage.h">
      <Filter>03Game\Objects\Stage</Filter>
    </ClInclude>
    <ClInclude Include="Game\Objects\Stage\SkySphere.h">
      <Filter>03Game\Objects\Stage\StageObjects</Filter>
    </ClInclude>
    <ClInclude Include="Game\Objects\Stage\StageObject.h">
      <Filter>03Game\Objects\Stage\StageObjects</Filter>
    </ClInclude>
    <ClInclude Include="Game\Objects\Stage\Components\MoveComponents\Component_MoveX.h">
      <Filter>03Game\Objects\Stage\Components\MoveComponents</Filter>
    </ClInclude>
    <ClInclude Include="Game\Objects\Stage\Components\RotationComponents\Component_Rotation.h">
      <Filter>03Game\Objects\Stage\Components\RotationComponents</Filter>
    </ClInclude>
    <ClInclude Include="Game\Objects\Stage\Components\RotationComponents\Component_RotationX.h">
      <Filter>03Game\Objects\Stage\Components\RotationComponents</Filter>
    </ClInclude>
    <ClInclude Include="Game\Objects\Stage\Components\RotationComponents\Component_RotationY.h">
      <Filter>03Game\Objects\Stage\Components\RotationComponents</Filter>
    </ClInclude>
    <ClInclude Include="Game\Objects\Stage\Components\RotationComponents\Component_RotationZ.h">
      <Filter>03Game\Objects\Stage\Components\RotationComponents</Filter>
    </ClInclude>
    <ClInclude Include="Game\Objects\Stage\Components\Component.h">
      <Filter>03Game\Objects\Stage\Components</Filter>
    </ClInclude>
    <ClInclude Include="Engine\ResourceManager\Transition.h">
      <Filter>01Engine\ResourceManager</Filter>
    </ClInclude>
    <ClInclude Include="Game\Otheres\StageEditor.h">
      <Filter>03Game\Otheres</Filter>
    </ClInclude>
    <ClInclude Include="Game\Scenes\Scene_Splash.h">
      <Filter>03Game\Scenes</Filter>
    </ClInclude>
    <ClInclude Include="Game\Scenes\Scene_Test.h">
      <Filter>03Game\Scenes</Filter>
    </ClInclude>
    <ClInclude Include="Game\Objects\Stage\Components\FallComponents\Component_Fall.h" />
    <ClInclude Include="Game\Objects\Stage\Components\HealthManagerComponents\Component_HealthManager.h">
      <Filter>03Game\Objects\Stage\Components\HealthManagerComponents</Filter>
    </ClInclude>
  </ItemGroup>
  <ItemGroup>
    <FxCompile Include="Assets\Shader\Simple2D.hlsl">
      <Filter>02Shader</Filter>
    </FxCompile>
    <FxCompile Include="Assets\Shader\Simple3D.hlsl">
      <Filter>02Shader</Filter>
    </FxCompile>
    <FxCompile Include="Assets\Shader\Debug3D.hlsl">
      <Filter>02Shader</Filter>
    </FxCompile>
    <FxCompile Include="Assets\Shader\BillBoard.hlsl">
      <Filter>02Shader</Filter>
    </FxCompile>
    <FxCompile Include="Assets\Shader\Sky.hlsl">
      <Filter>02Shader</Filter>
    </FxCompile>
    <FxCompile Include="Assets\Shader\Shadow.hlsl">
      <Filter>02Shader</Filter>
    </FxCompile>
  </ItemGroup>
</Project>