<?xml version="1.0" encoding="utf-8"?>
<Project ToolsVersion="4.0" xmlns="http://schemas.microsoft.com/developer/msbuild/2003">
  <ItemGroup>
    <Filter Include="01Engine">
      <UniqueIdentifier>{e5fccdcb-f299-4448-bdb6-01fa28039576}</UniqueIdentifier>
    </Filter>
    <Filter Include="01Engine\Collider">
      <UniqueIdentifier>{7f19ecfb-5d70-4d31-a1f7-c9dd14bad324}</UniqueIdentifier>
    </Filter>
    <Filter Include="01Engine\DirectX">
      <UniqueIdentifier>{e56f8c9a-95a5-4ceb-b65f-5b8e572d087b}</UniqueIdentifier>
    </Filter>
    <Filter Include="01Engine\GameObject">
      <UniqueIdentifier>{b450e438-c939-4b05-b319-0e3c0b4a335c}</UniqueIdentifier>
    </Filter>
    <Filter Include="01Engine\ResourceManager">
      <UniqueIdentifier>{bedee914-5063-4c08-95bb-79c861b4969c}</UniqueIdentifier>
    </Filter>
    <Filter Include="02Shader">
      <UniqueIdentifier>{47a6a3f5-8cfd-436b-8d58-beccd108f3f3}</UniqueIdentifier>
      <Extensions>hlsl</Extensions>
    </Filter>
    <Filter Include="01Engine\Json">
      <UniqueIdentifier>{ad87eb5b-fdfe-40b6-a46a-6ea8ccabc74c}</UniqueIdentifier>
    </Filter>
    <Filter Include="01Engine\ImGui">
      <UniqueIdentifier>{18d8c8ed-9f3f-4b9d-8ed3-80d9cdf0cbae}</UniqueIdentifier>
    </Filter>
    <Filter Include="00Effekseer">
      <UniqueIdentifier>{0d38d0e2-263e-4437-8a79-3052074af8da}</UniqueIdentifier>
    </Filter>
    <Filter Include="03Game">
      <UniqueIdentifier>{55889d47-298b-4bad-bdff-b16c28aeda59}</UniqueIdentifier>
    </Filter>
    <Filter Include="03Game\Scenes">
      <UniqueIdentifier>{568eb430-be01-49c9-a908-2b50dd2c7913}</UniqueIdentifier>
    </Filter>
    <Filter Include="03Game\Objects">
      <UniqueIdentifier>{6224f67a-cfbb-4908-b696-6bc25642c1b9}</UniqueIdentifier>
    </Filter>
    <Filter Include="03Game\Objects\Stage">
      <UniqueIdentifier>{f1f0b991-3504-4ec4-af57-02b51c76c157}</UniqueIdentifier>
    </Filter>
    <Filter Include="03Game\Objects\UI">
      <UniqueIdentifier>{5b8947c1-9ec5-4feb-8f5f-9229c03ef6a8}</UniqueIdentifier>
    </Filter>
    <Filter Include="03Game\Objects\TPSCamera">
      <UniqueIdentifier>{f2d1a67d-c07f-4057-9abc-4bb9ed4d47e6}</UniqueIdentifier>
    </Filter>
    <Filter Include="03Game\Objects\Stage\Components">
      <UniqueIdentifier>{0aea058e-1e87-40aa-b41d-5e8066954cea}</UniqueIdentifier>
    </Filter>
    <Filter Include="03Game\Objects\Stage\Components\AttackComponents">
      <UniqueIdentifier>{5bc9c703-5b26-4ba4-8e90-0a0ce3579229}</UniqueIdentifier>
    </Filter>
    <Filter Include="03Game\Objects\Stage\Components\BehaviorComponents">
      <UniqueIdentifier>{4ad37d94-0d97-49a9-b532-786686a19d2f}</UniqueIdentifier>
    </Filter>
    <Filter Include="03Game\Objects\Stage\Components\DetectorComponents">
      <UniqueIdentifier>{05dca558-ea8f-4d2e-9e27-16295e29f75d}</UniqueIdentifier>
    </Filter>
    <Filter Include="03Game\Objects\Stage\Components\GaugeComponents">
      <UniqueIdentifier>{61abe109-1e79-49f0-8627-5045256cd280}</UniqueIdentifier>
    </Filter>
    <Filter Include="03Game\Objects\Stage\Components\MotionComponents">
      <UniqueIdentifier>{0b0e9f58-236b-494b-9959-253752fab6dd}</UniqueIdentifier>
    </Filter>
    <Filter Include="03Game\Objects\Stage\Components\MoveComponents">
      <UniqueIdentifier>{32bac4f6-7d44-40c1-bc5f-22dfa3d03838}</UniqueIdentifier>
    </Filter>
    <Filter Include="03Game\Objects\Stage\Components\RotationComponents">
      <UniqueIdentifier>{0f3515f2-45dd-4d8b-acbe-fccf3c66dcad}</UniqueIdentifier>
    </Filter>
    <Filter Include="03Game\Objects\Stage\Components\TeleporterComponents">
      <UniqueIdentifier>{53b4e770-ef7e-45a2-bc8d-b9adf90a048f}</UniqueIdentifier>
    </Filter>
    <Filter Include="03Game\Objects\Stage\Components\TimerComponent">
      <UniqueIdentifier>{53943df1-dadc-4408-b59f-035afbc826d0}</UniqueIdentifier>
    </Filter>
    <Filter Include="03Game\GameEditor">
      <UniqueIdentifier>{1035dac5-99db-460e-8baa-b614e7efeb66}</UniqueIdentifier>
    </Filter>
  </ItemGroup>
  <ItemGroup>
    <ClCompile Include="Engine\Collider\BoxCollider.cpp">
      <Filter>01Engine\Collider</Filter>
    </ClCompile>
    <ClCompile Include="Engine\Collider\Collider.cpp">
      <Filter>01Engine\Collider</Filter>
    </ClCompile>
    <ClCompile Include="Engine\Collider\SphereCollider.cpp">
      <Filter>01Engine\Collider</Filter>
    </ClCompile>
    <ClCompile Include="Engine\DirectX\Direct3D.cpp">
      <Filter>01Engine\DirectX</Filter>
    </ClCompile>
    <ClCompile Include="Engine\DirectX\Fbx.cpp">
      <Filter>01Engine\DirectX</Filter>
    </ClCompile>
    <ClCompile Include="Engine\DirectX\FbxParts.cpp">
      <Filter>01Engine\DirectX</Filter>
    </ClCompile>
    <ClCompile Include="Engine\DirectX\Input.cpp">
      <Filter>01Engine\DirectX</Filter>
    </ClCompile>
    <ClCompile Include="Engine\DirectX\Sprite.cpp">
      <Filter>01Engine\DirectX</Filter>
    </ClCompile>
    <ClCompile Include="Engine\GameObject\Camera.cpp">
      <Filter>01Engine\GameObject</Filter>
    </ClCompile>
    <ClCompile Include="Engine\GameObject\GameObject.cpp">
      <Filter>01Engine\GameObject</Filter>
    </ClCompile>
    <ClCompile Include="Engine\GameObject\RootObject.cpp">
      <Filter>01Engine\GameObject</Filter>
    </ClCompile>
    <ClCompile Include="Engine\ResourceManager\CsvReader.cpp">
      <Filter>01Engine\ResourceManager</Filter>
    </ClCompile>
    <ClCompile Include="Engine\ResourceManager\Image.cpp">
      <Filter>01Engine\ResourceManager</Filter>
    </ClCompile>
    <ClCompile Include="Engine\ResourceManager\Model.cpp">
      <Filter>01Engine\ResourceManager</Filter>
    </ClCompile>
    <ClCompile Include="Engine\Main.cpp">
      <Filter>01Engine</Filter>
    </ClCompile>
    <ClCompile Include="Engine\SceneManager.cpp">
      <Filter>01Engine</Filter>
    </ClCompile>
    <ClCompile Include="Engine\DirectX\Texture.cpp">
      <Filter>01Engine\DirectX</Filter>
    </ClCompile>
    <ClCompile Include="Engine\GameObject\Transform.cpp">
      <Filter>01Engine\GameObject</Filter>
    </ClCompile>
    <ClCompile Include="Engine\ResourceManager\Audio.cpp">
      <Filter>01Engine\ResourceManager</Filter>
    </ClCompile>
    <ClCompile Include="Engine\ResourceManager\Text.cpp">
      <Filter>01Engine\ResourceManager</Filter>
    </ClCompile>
    <ClCompile Include="Engine\ResourceManager\Debug.cpp">
      <Filter>01Engine\ResourceManager</Filter>
    </ClCompile>
    <ClCompile Include="Engine\DirectX\BillBoard.cpp">
      <Filter>01Engine\DirectX</Filter>
    </ClCompile>
    <ClCompile Include="Engine\ResourceManager\VFX.cpp">
      <Filter>01Engine\ResourceManager</Filter>
    </ClCompile>
    <ClCompile Include="Engine\Json\JsonReader.cpp">
      <Filter>01Engine\Json</Filter>
    </ClCompile>
    <ClCompile Include="Engine\ImGui\imgui.cpp">
      <Filter>01Engine\ImGui</Filter>
    </ClCompile>
    <ClCompile Include="Engine\ImGui\imgui_draw.cpp">
      <Filter>01Engine\ImGui</Filter>
    </ClCompile>
    <ClCompile Include="Engine\ImGui\imgui_impl_dx11.cpp">
      <Filter>01Engine\ImGui</Filter>
    </ClCompile>
    <ClCompile Include="Engine\ImGui\imgui_impl_win32.cpp">
      <Filter>01Engine\ImGui</Filter>
    </ClCompile>
    <ClCompile Include="Engine\ImGui\imgui_tables.cpp">
      <Filter>01Engine\ImGui</Filter>
    </ClCompile>
    <ClCompile Include="Engine\ImGui\imgui_widgets.cpp">
      <Filter>01Engine\ImGui</Filter>
    </ClCompile>
    <ClCompile Include="Engine\ResourceManager\Transition.cpp">
      <Filter>01Engine\ResourceManager</Filter>
    </ClCompile>
    <ClCompile Include="Engine\Global.cpp">
      <Filter>01Engine</Filter>
    </ClCompile>
    <ClCompile Include="EffekseeLib\EffekseerVFX.cpp">
      <Filter>00Effekseer</Filter>
    </ClCompile>
    <ClCompile Include="Game\Scenes\Scene_Test.cpp">
      <Filter>03Game\Scenes</Filter>
    </ClCompile>
    <ClCompile Include="Game\Scenes\Scene_End.cpp">
      <Filter>03Game\Scenes</Filter>
    </ClCompile>
    <ClCompile Include="Game\Scenes\Scene_Play.cpp">
      <Filter>03Game\Scenes</Filter>
    </ClCompile>
    <ClCompile Include="Game\Scenes\Scene_Splash.cpp">
      <Filter>03Game\Scenes</Filter>
    </ClCompile>
    <ClCompile Include="Game\Scenes\Scene_Title.cpp">
      <Filter>03Game\Scenes</Filter>
    </ClCompile>
    <ClCompile Include="Game\Objects\Stage\Bullet.cpp">
      <Filter>03Game\Objects\Stage</Filter>
    </ClCompile>
    <ClCompile Include="Game\Objects\Stage\SkySphere.cpp">
      <Filter>03Game\Objects\Stage</Filter>
    </ClCompile>
    <ClCompile Include="Game\Objects\Stage\Stage.cpp">
      <Filter>03Game\Objects\Stage</Filter>
    </ClCompile>
    <ClCompile Include="Game\Objects\Stage\StageObject.cpp">
      <Filter>03Game\Objects\Stage</Filter>
    </ClCompile>
    <ClCompile Include="Game\Objects\TPSCamera\TPSCamera.cpp">
      <Filter>03Game\Objects\TPSCamera</Filter>
    </ClCompile>
    <ClCompile Include="Game\Objects\Stage\Components\Component.cpp">
      <Filter>03Game\Objects\Stage\Components</Filter>
    </ClCompile>
    <ClCompile Include="Game\GameEditor\GameEditor.cpp">
      <Filter>03Game\GameEditor</Filter>
    </ClCompile>
    <ClCompile Include="Game\Objects\UI\UIButton.cpp">
      <Filter>03Game\Objects\UI</Filter>
    </ClCompile>
    <ClCompile Include="Game\Objects\UI\UIImage.cpp">
      <Filter>03Game\Objects\UI</Filter>
    </ClCompile>
    <ClCompile Include="Game\Objects\UI\UIObject.cpp">
      <Filter>03Game\Objects\UI</Filter>
    </ClCompile>
    <ClCompile Include="Game\Objects\UI\UIPanel.cpp">
      <Filter>03Game\Objects\UI</Filter>
    </ClCompile>
    <ClCompile Include="Game\Objects\UI\UIProgressBar.cpp">
      <Filter>03Game\Objects\UI</Filter>
    </ClCompile>
    <ClCompile Include="Game\Objects\UI\UIText.cpp">
      <Filter>03Game\Objects\UI</Filter>
    </ClCompile>
  </ItemGroup>
  <ItemGroup>
    <ClInclude Include="Engine\Collider\BoxCollider.h">
      <Filter>01Engine\Collider</Filter>
    </ClInclude>
    <ClInclude Include="Engine\Collider\Collider.h">
      <Filter>01Engine\Collider</Filter>
    </ClInclude>
    <ClInclude Include="Engine\Collider\SphereCollider.h">
      <Filter>01Engine\Collider</Filter>
    </ClInclude>
    <ClInclude Include="Engine\DirectX\Direct3D.h">
      <Filter>01Engine\DirectX</Filter>
    </ClInclude>
    <ClInclude Include="Engine\DirectX\Fbx.h">
      <Filter>01Engine\DirectX</Filter>
    </ClInclude>
    <ClInclude Include="Engine\DirectX\FbxParts.h">
      <Filter>01Engine\DirectX</Filter>
    </ClInclude>
    <ClInclude Include="Engine\DirectX\Input.h">
      <Filter>01Engine\DirectX</Filter>
    </ClInclude>
    <ClInclude Include="Engine\DirectX\Sprite.h">
      <Filter>01Engine\DirectX</Filter>
    </ClInclude>
    <ClInclude Include="Engine\GameObject\Camera.h">
      <Filter>01Engine\GameObject</Filter>
    </ClInclude>
    <ClInclude Include="Engine\GameObject\GameObject.h">
      <Filter>01Engine\GameObject</Filter>
    </ClInclude>
    <ClInclude Include="Engine\GameObject\RootObject.h">
      <Filter>01Engine\GameObject</Filter>
    </ClInclude>
    <ClInclude Include="Engine\ResourceManager\CsvReader.h">
      <Filter>01Engine\ResourceManager</Filter>
    </ClInclude>
    <ClInclude Include="Engine\ResourceManager\Image.h">
      <Filter>01Engine\ResourceManager</Filter>
    </ClInclude>
    <ClInclude Include="Engine\ResourceManager\Model.h">
      <Filter>01Engine\ResourceManager</Filter>
    </ClInclude>
    <ClInclude Include="Engine\Global.h">
      <Filter>01Engine</Filter>
    </ClInclude>
    <ClInclude Include="Engine\SceneManager.h">
      <Filter>01Engine</Filter>
    </ClInclude>
    <ClInclude Include="Engine\DirectX\Texture.h">
      <Filter>01Engine\DirectX</Filter>
    </ClInclude>
    <ClInclude Include="Engine\GameObject\Transform.h">
      <Filter>01Engine\GameObject</Filter>
    </ClInclude>
    <ClInclude Include="Engine\ResourceManager\Audio.h">
      <Filter>01Engine\ResourceManager</Filter>
    </ClInclude>
    <ClInclude Include="Engine\ResourceManager\Text.h">
      <Filter>01Engine\ResourceManager</Filter>
    </ClInclude>
    <ClInclude Include="Engine\ResourceManager\Debug.h">
      <Filter>01Engine\ResourceManager</Filter>
    </ClInclude>
    <ClInclude Include="Engine\DirectX\BillBoard.h">
      <Filter>01Engine\DirectX</Filter>
    </ClInclude>
    <ClInclude Include="Engine\ResourceManager\VFX.h">
      <Filter>01Engine\ResourceManager</Filter>
    </ClInclude>
    <ClInclude Include="Engine\Json\JsonReader.h">
      <Filter>01Engine\Json</Filter>
    </ClInclude>
    <ClInclude Include="Engine\Json\json.hpp">
      <Filter>01Engine\Json</Filter>
    </ClInclude>
    <ClInclude Include="Engine\ImGui\imconfig.h">
      <Filter>01Engine\ImGui</Filter>
    </ClInclude>
    <ClInclude Include="Engine\ImGui\imgui.h">
      <Filter>01Engine\ImGui</Filter>
    </ClInclude>
    <ClInclude Include="Engine\ImGui\imgui_impl_dx11.h">
      <Filter>01Engine\ImGui</Filter>
    </ClInclude>
    <ClInclude Include="Engine\ImGui\imgui_impl_win32.h">
      <Filter>01Engine\ImGui</Filter>
    </ClInclude>
    <ClInclude Include="Engine\ImGui\imgui_internal.h">
      <Filter>01Engine\ImGui</Filter>
    </ClInclude>
    <ClInclude Include="Engine\ImGui\imstb_rectpack.h">
      <Filter>01Engine\ImGui</Filter>
    </ClInclude>
    <ClInclude Include="Engine\ImGui\imstb_textedit.h">
      <Filter>01Engine\ImGui</Filter>
    </ClInclude>
    <ClInclude Include="Engine\ImGui\imstb_truetype.h">
      <Filter>01Engine\ImGui</Filter>
    </ClInclude>
    <ClInclude Include="Engine\ResourceManager\Transition.h">
      <Filter>01Engine\ResourceManager</Filter>
    </ClInclude>
    <ClInclude Include="EffekseeLib\EffekseerVFX.h">
      <Filter>00Effekseer</Filter>
    </ClInclude>
    <ClInclude Include="Game\Scenes\Scene_Test.h">
      <Filter>03Game\Scenes</Filter>
    </ClInclude>
    <ClInclude Include="Game\Scenes\Scene_End.h">
      <Filter>03Game\Scenes</Filter>
    </ClInclude>
    <ClInclude Include="Game\Scenes\Scene_Play.h">
      <Filter>03Game\Scenes</Filter>
    </ClInclude>
    <ClInclude Include="Game\Scenes\Scene_Splash.h">
      <Filter>03Game\Scenes</Filter>
    </ClInclude>
    <ClInclude Include="Game\Scenes\Scene_Title.h">
      <Filter>03Game\Scenes</Filter>
    </ClInclude>
    <ClInclude Include="Game\Objects\Stage\Bullet.h">
      <Filter>03Game\Objects\Stage</Filter>
    </ClInclude>
    <ClInclude Include="Game\Objects\Stage\SkySphere.h">
      <Filter>03Game\Objects\Stage</Filter>
    </ClInclude>
    <ClInclude Include="Game\Objects\Stage\Stage.h">
      <Filter>03Game\Objects\Stage</Filter>
    </ClInclude>
    <ClInclude Include="Game\Objects\TPSCamera\TPSCamera.h">
      <Filter>03Game\Objects\TPSCamera</Filter>
    </ClInclude>
    <ClInclude Include="Game\Objects\Stage\Components\Component.h">
      <Filter>03Game\Objects\Stage\Components</Filter>
    </ClInclude>
    <ClInclude Include="Game\GameEditor\GameEditor.h">
      <Filter>03Game\GameEditor</Filter>
    </ClInclude>
    <ClInclude Include="Game\Objects\UI\UIButton.h">
      <Filter>03Game\Objects\UI</Filter>
    </ClInclude>
    <ClInclude Include="Game\Objects\UI\UIImage.h">
      <Filter>03Game\Objects\UI</Filter>
    </ClInclude>
    <ClInclude Include="Game\Objects\UI\UIObject.h">
      <Filter>03Game\Objects\UI</Filter>
    </ClInclude>
    <ClInclude Include="Game\Objects\UI\UIPanel.h">
      <Filter>03Game\Objects\UI</Filter>
    </ClInclude>
    <ClInclude Include="Game\Objects\UI\UIProgressBar.h">
      <Filter>03Game\Objects\UI</Filter>
    </ClInclude>
    <ClInclude Include="Game\Objects\UI\UIText.h">
      <Filter>03Game\Objects\UI</Filter>
    </ClInclude>
    <ClInclude Include="Game\Objects\Stage\StageObject.h">
      <Filter>03Game\Objects\Stage</Filter>
    </ClInclude>
  </ItemGroup>
  <ItemGroup>
    <FxCompile Include="Assets\Shader\Simple2D.hlsl">
      <Filter>02Shader</Filter>
    </FxCompile>
    <FxCompile Include="Assets\Shader\Simple3D.hlsl">
      <Filter>02Shader</Filter>
    </FxCompile>
    <FxCompile Include="Assets\Shader\Debug3D.hlsl">
      <Filter>02Shader</Filter>
    </FxCompile>
    <FxCompile Include="Assets\Shader\BillBoard.hlsl">
      <Filter>02Shader</Filter>
    </FxCompile>
    <FxCompile Include="Assets\Shader\Sky.hlsl">
      <Filter>02Shader</Filter>
    </FxCompile>
    <FxCompile Include="Assets\Shader\Shadow.hlsl">
      <Filter>02Shader</Filter>
    </FxCompile>
    <FxCompile Include="Assets\Shader\Progress.hlsl">
      <Filter>02Shader</Filter>
    </FxCompile>
  </ItemGroup>
</Project>